
Microsoft Visual Studio Solution File, Format Version 12.00
# Visual Studio 15
VisualStudioVersion = 15.0.28307.271
MinimumVisualStudioVersion = 10.0.40219.1
Project("{FAE04EC0-301F-11D3-BF4B-00C04F79EFBC}") = "App.Test", "App.Test\App.Test.csproj", "{EB1A9D69-41FF-4309-9F9C-61BE6266406D}"
EndProject
Global
	GlobalSection(SolutionConfigurationPlatforms) = preSolution
		Debug|Any CPU = Debug|Any CPU
		Release|Any CPU = Release|Any CPU
	EndGlobalSection
	GlobalSection(ProjectConfigurationPlatforms) = postSolution
		{EB1A9D69-41FF-4309-9F9C-61BE6266406D}.Debug|Any CPU.ActiveCfg = Debug|Any CPU
		{EB1A9D69-41FF-4309-9F9C-61BE6266406D}.Debug|Any CPU.Build.0 = Debug|Any CPU
		{EB1A9D69-41FF-4309-9F9C-61BE6266406D}.Release|Any CPU.ActiveCfg = Release|Any CPU
		{EB1A9D69-41FF-4309-9F9C-61BE6266406D}.Release|Any CPU.Build.0 = Release|Any CPU
	EndGlobalSection
	GlobalSection(SolutionProperties) = preSolution
		HideSolutionNode = FALSE
	EndGlobalSection
	GlobalSection(ExtensibilityGlobals) = postSolution
		SolutionGuid = {A0726439-92AA-4278-A910-BE60841859A8}
	EndGlobalSection
EndGlobal
